
Microsoft Visual Studio Solution File, Format Version 12.00
# Visual Studio 15
VisualStudioVersion = 15.0.26124.0
MinimumVisualStudioVersion = 15.0.26124.0
Project("{FAE04EC0-301F-11D3-BF4B-00C04F79EFBC}") = "App.CoreLib", "App.CoreLib\App.CoreLib.csproj", "{525A6E3C-7A2B-46E6-8E8F-2DDE05BD2783}"
EndProject
Project("{FAE04EC0-301F-11D3-BF4B-00C04F79EFBC}") = "App.CoreLib.EF", "App.CoreLib.EF\App.CoreLib.EF.csproj", "{D04C8453-93A0-4059-ADFD-3C243636ABED}"
EndProject
Project("{FAE04EC0-301F-11D3-BF4B-00C04F79EFBC}") = "App.CoreLib.IntegrationTest", "App.CoreLib.IntegrationTest\App.CoreLib.IntegrationTest.csproj", "{2ED44F81-8ADC-49FD-9EDB-1CA0E34A9DD2}"
EndProject
Global
	GlobalSection(SolutionConfigurationPlatforms) = preSolution
		Debug|Any CPU = Debug|Any CPU
		Debug|x64 = Debug|x64
		Debug|x86 = Debug|x86
		Release|Any CPU = Release|Any CPU
		Release|x64 = Release|x64
		Release|x86 = Release|x86
	EndGlobalSection
	GlobalSection(SolutionProperties) = preSolution
		HideSolutionNode = FALSE
	EndGlobalSection
	GlobalSection(ProjectConfigurationPlatforms) = postSolution
		{525A6E3C-7A2B-46E6-8E8F-2DDE05BD2783}.Debug|Any CPU.ActiveCfg = Debug|Any CPU
		{525A6E3C-7A2B-46E6-8E8F-2DDE05BD2783}.Debug|Any CPU.Build.0 = Debug|Any CPU
		{525A6E3C-7A2B-46E6-8E8F-2DDE05BD2783}.Debug|x64.ActiveCfg = Debug|Any CPU
		{525A6E3C-7A2B-46E6-8E8F-2DDE05BD2783}.Debug|x64.Build.0 = Debug|Any CPU
		{525A6E3C-7A2B-46E6-8E8F-2DDE05BD2783}.Debug|x86.ActiveCfg = Debug|Any CPU
		{525A6E3C-7A2B-46E6-8E8F-2DDE05BD2783}.Debug|x86.Build.0 = Debug|Any CPU
		{525A6E3C-7A2B-46E6-8E8F-2DDE05BD2783}.Release|Any CPU.ActiveCfg = Release|Any CPU
		{525A6E3C-7A2B-46E6-8E8F-2DDE05BD2783}.Release|Any CPU.Build.0 = Release|Any CPU
		{525A6E3C-7A2B-46E6-8E8F-2DDE05BD2783}.Release|x64.ActiveCfg = Release|Any CPU
		{525A6E3C-7A2B-46E6-8E8F-2DDE05BD2783}.Release|x64.Build.0 = Release|Any CPU
		{525A6E3C-7A2B-46E6-8E8F-2DDE05BD2783}.Release|x86.ActiveCfg = Release|Any CPU
		{525A6E3C-7A2B-46E6-8E8F-2DDE05BD2783}.Release|x86.Build.0 = Release|Any CPU
		{D04C8453-93A0-4059-ADFD-3C243636ABED}.Debug|Any CPU.ActiveCfg = Debug|Any CPU
		{D04C8453-93A0-4059-ADFD-3C243636ABED}.Debug|Any CPU.Build.0 = Debug|Any CPU
		{D04C8453-93A0-4059-ADFD-3C243636ABED}.Debug|x64.ActiveCfg = Debug|Any CPU
		{D04C8453-93A0-4059-ADFD-3C243636ABED}.Debug|x64.Build.0 = Debug|Any CPU
		{D04C8453-93A0-4059-ADFD-3C243636ABED}.Debug|x86.ActiveCfg = Debug|Any CPU
		{D04C8453-93A0-4059-ADFD-3C243636ABED}.Debug|x86.Build.0 = Debug|Any CPU
		{D04C8453-93A0-4059-ADFD-3C243636ABED}.Release|Any CPU.ActiveCfg = Release|Any CPU
		{D04C8453-93A0-4059-ADFD-3C243636ABED}.Release|Any CPU.Build.0 = Release|Any CPU
		{D04C8453-93A0-4059-ADFD-3C243636ABED}.Release|x64.ActiveCfg = Release|Any CPU
		{D04C8453-93A0-4059-ADFD-3C243636ABED}.Release|x64.Build.0 = Release|Any CPU
		{D04C8453-93A0-4059-ADFD-3C243636ABED}.Release|x86.ActiveCfg = Release|Any CPU
		{D04C8453-93A0-4059-ADFD-3C243636ABED}.Release|x86.Build.0 = Release|Any CPU
		{2ED44F81-8ADC-49FD-9EDB-1CA0E34A9DD2}.Debug|Any CPU.ActiveCfg = Debug|Any CPU
		{2ED44F81-8ADC-49FD-9EDB-1CA0E34A9DD2}.Debug|Any CPU.Build.0 = Debug|Any CPU
		{2ED44F81-8ADC-49FD-9EDB-1CA0E34A9DD2}.Debug|x64.ActiveCfg = Debug|Any CPU
		{2ED44F81-8ADC-49FD-9EDB-1CA0E34A9DD2}.Debug|x64.Build.0 = Debug|Any CPU
		{2ED44F81-8ADC-49FD-9EDB-1CA0E34A9DD2}.Debug|x86.ActiveCfg = Debug|Any CPU
		{2ED44F81-8ADC-49FD-9EDB-1CA0E34A9DD2}.Debug|x86.Build.0 = Debug|Any CPU
		{2ED44F81-8ADC-49FD-9EDB-1CA0E34A9DD2}.Release|Any CPU.ActiveCfg = Release|Any CPU
		{2ED44F81-8ADC-49FD-9EDB-1CA0E34A9DD2}.Release|Any CPU.Build.0 = Release|Any CPU
		{2ED44F81-8ADC-49FD-9EDB-1CA0E34A9DD2}.Release|x64.ActiveCfg = Release|Any CPU
		{2ED44F81-8ADC-49FD-9EDB-1CA0E34A9DD2}.Release|x64.Build.0 = Release|Any CPU
		{2ED44F81-8ADC-49FD-9EDB-1CA0E34A9DD2}.Release|x86.ActiveCfg = Release|Any CPU
		{2ED44F81-8ADC-49FD-9EDB-1CA0E34A9DD2}.Release|x86.Build.0 = Release|Any CPU
	EndGlobalSection
EndGlobal
